
Microsoft Visual Studio Solution File, Format Version 12.00
# Visual Studio 15
VisualStudioVersion = 15.0.27703.2035
MinimumVisualStudioVersion = 10.0.40219.1
Project("{9A19103F-16F7-4668-BE54-9A1E7A4F7556}") = "MyAzureIoTButton", "MyAzureIoTButton\MyAzureIoTButton.csproj", "{A1B44D6F-23B6-494F-9E0B-6B0D9A109169}"
EndProject
Global
	GlobalSection(SolutionConfigurationPlatforms) = preSolution
		Debug|Any CPU = Debug|Any CPU
		Release|Any CPU = Release|Any CPU
	EndGlobalSection
	GlobalSection(ProjectConfigurationPlatforms) = postSolution
		{A1B44D6F-23B6-494F-9E0B-6B0D9A109169}.Debug|Any CPU.ActiveCfg = Debug|Any CPU
		{A1B44D6F-23B6-494F-9E0B-6B0D9A109169}.Debug|Any CPU.Build.0 = Debug|Any CPU
		{A1B44D6F-23B6-494F-9E0B-6B0D9A109169}.Release|Any CPU.ActiveCfg = Release|Any CPU
		{A1B44D6F-23B6-494F-9E0B-6B0D9A109169}.Release|Any CPU.Build.0 = Release|Any CPU
	EndGlobalSection
	GlobalSection(SolutionProperties) = preSolution
		HideSolutionNode = FALSE
	EndGlobalSection
	GlobalSection(ExtensibilityGlobals) = postSolution
		SolutionGuid = {4437E471-505A-4932-8EDF-3C19F8DB36CF}
	EndGlobalSection
EndGlobal
